// !$*UTF8*$!
{
	archiveVersion = 1;
	classes = {
	};
	objectVersion = 46;
	objects = {

/* Begin PBXBuildFile section */
		BE583CDE1DC4D4770020A83B /* AppDelegate.swift in Sources */ = {isa = PBXBuildFile; fileRef = BE583CDD1DC4D4770020A83B /* AppDelegate.swift */; };
		BE583CE01DC4D4770020A83B /* ViewController.swift in Sources */ = {isa = PBXBuildFile; fileRef = BE583CDF1DC4D4770020A83B /* ViewController.swift */; };
		BE583CE31DC4D4770020A83B /* Main.storyboard in Resources */ = {isa = PBXBuildFile; fileRef = BE583CE11DC4D4770020A83B /* Main.storyboard */; };
		BE583CE51DC4D4770020A83B /* Assets.xcassets in Resources */ = {isa = PBXBuildFile; fileRef = BE583CE41DC4D4770020A83B /* Assets.xcassets */; };
		BE583CE81DC4D4770020A83B /* LaunchScreen.storyboard in Resources */ = {isa = PBXBuildFile; fileRef = BE583CE61DC4D4770020A83B /* LaunchScreen.storyboard */; };
		BE583CF01DC4D50F0020A83B /* TallyCollectionViewCell.swift in Sources */ = {isa = PBXBuildFile; fileRef = BE583CEF1DC4D50F0020A83B /* TallyCollectionViewCell.swift */; };
		BE583CF21DC4D55B0020A83B /* Tally.swift in Sources */ = {isa = PBXBuildFile; fileRef = BE583CF11DC4D55B0020A83B /* Tally.swift */; };
		BE583CF41DC4D5910020A83B /* TallyController.swift in Sources */ = {isa = PBXBuildFile; fileRef = BE583CF31DC4D5910020A83B /* TallyController.swift */; };
		BE583CF61DC4D94E0020A83B /* data.json in Resources */ = {isa = PBXBuildFile; fileRef = BE583CF51DC4D94E0020A83B /* data.json */; };
/* End PBXBuildFile section */

/* Begin PBXFileReference section */
		BE583CDA1DC4D4770020A83B /* Tally.app */ = {isa = PBXFileReference; explicitFileType = wrapper.application; includeInIndex = 0; path = Tally.app; sourceTree = BUILT_PRODUCTS_DIR; };
		BE583CDD1DC4D4770020A83B /* AppDelegate.swift */ = {isa = PBXFileReference; lastKnownFileType = sourcecode.swift; path = AppDelegate.swift; sourceTree = "<group>"; };
		BE583CDF1DC4D4770020A83B /* ViewController.swift */ = {isa = PBXFileReference; lastKnownFileType = sourcecode.swift; path = ViewController.swift; sourceTree = "<group>"; };
		BE583CE21DC4D4770020A83B /* Base */ = {isa = PBXFileReference; lastKnownFileType = file.storyboard; name = Base; path = Base.lproj/Main.storyboard; sourceTree = "<group>"; };
		BE583CE41DC4D4770020A83B /* Assets.xcassets */ = {isa = PBXFileReference; lastKnownFileType = folder.assetcatalog; path = Assets.xcassets; sourceTree = "<group>"; };
		BE583CE71DC4D4770020A83B /* Base */ = {isa = PBXFileReference; lastKnownFileType = file.storyboard; name = Base; path = Base.lproj/LaunchScreen.storyboard; sourceTree = "<group>"; };
		BE583CE91DC4D4770020A83B /* Info.plist */ = {isa = PBXFileReference; lastKnownFileType = text.plist.xml; path = Info.plist; sourceTree = "<group>"; };
		BE583CEF1DC4D50F0020A83B /* TallyCollectionViewCell.swift */ = {isa = PBXFileReference; fileEncoding = 4; lastKnownFileType = sourcecode.swift; path = TallyCollectionViewCell.swift; sourceTree = "<group>"; };
		BE583CF11DC4D55B0020A83B /* Tally.swift */ = {isa = PBXFileReference; fileEncoding = 4; lastKnownFileType = sourcecode.swift; path = Tally.swift; sourceTree = "<group>"; };
		BE583CF31DC4D5910020A83B /* TallyController.swift */ = {isa = PBXFileReference; fileEncoding = 4; lastKnownFileType = sourcecode.swift; path = TallyController.swift; sourceTree = "<group>"; };
		BE583CF51DC4D94E0020A83B /* data.json */ = {isa = PBXFileReference; fileEncoding = 4; lastKnownFileType = text.json; path = data.json; sourceTree = "<group>"; };
/* End PBXFileReference section */

/* Begin PBXFrameworksBuildPhase section */
		BE583CD71DC4D4770020A83B /* Frameworks */ = {
			isa = PBXFrameworksBuildPhase;
			buildActionMask = 2147483647;
			files = (
			);
			runOnlyForDeploymentPostprocessing = 0;
		};
/* End PBXFrameworksBuildPhase section */

/* Begin PBXGroup section */
		BE583CD11DC4D4770020A83B = {
			isa = PBXGroup;
			children = (
				BE583CDC1DC4D4770020A83B /* Tally */,
				BE583CDB1DC4D4770020A83B /* Products */,
			);
			sourceTree = "<group>";
		};
		BE583CDB1DC4D4770020A83B /* Products */ = {
			isa = PBXGroup;
			children = (
				BE583CDA1DC4D4770020A83B /* Tally.app */,
			);
			name = Products;
			sourceTree = "<group>";
		};
		BE583CDC1DC4D4770020A83B /* Tally */ = {
			isa = PBXGroup;
			children = (
				BE583CDD1DC4D4770020A83B /* AppDelegate.swift */,
				BE583CDF1DC4D4770020A83B /* ViewController.swift */,
				BE583CE11DC4D4770020A83B /* Main.storyboard */,
				BE583CE41DC4D4770020A83B /* Assets.xcassets */,
				BE583CE61DC4D4770020A83B /* LaunchScreen.storyboard */,
				BE583CE91DC4D4770020A83B /* Info.plist */,
				BE583CEF1DC4D50F0020A83B /* TallyCollectionViewCell.swift */,
				BE583CF11DC4D55B0020A83B /* Tally.swift */,
				BE583CF31DC4D5910020A83B /* TallyController.swift */,
				BE583CF51DC4D94E0020A83B /* data.json */,
			);
			path = Tally;
			sourceTree = "<group>";
		};
/* End PBXGroup section */

/* Begin PBXNativeTarget section */
		BE583CD91DC4D4770020A83B /* Tally */ = {
			isa = PBXNativeTarget;
			buildConfigurationList = BE583CEC1DC4D4770020A83B /* Build configuration list for PBXNativeTarget "Tally" */;
			buildPhases = (
				BE583CD61DC4D4770020A83B /* Sources */,
				BE583CD71DC4D4770020A83B /* Frameworks */,
				BE583CD81DC4D4770020A83B /* Resources */,
			);
			buildRules = (
			);
			dependencies = (
			);
			name = Tally;
			productName = Tally;
			productReference = BE583CDA1DC4D4770020A83B /* Tally.app */;
			productType = "com.apple.product-type.application";
		};
/* End PBXNativeTarget section */

/* Begin PBXProject section */
		BE583CD21DC4D4770020A83B /* Project object */ = {
			isa = PBXProject;
			attributes = {
				LastSwiftUpdateCheck = 0800;
				LastUpgradeCheck = 0800;
				ORGANIZATIONNAME = "Matt Beaney";
				TargetAttributes = {
					BE583CD91DC4D4770020A83B = {
						CreatedOnToolsVersion = 8.0;
						DevelopmentTeam = U5FH5JR68H;
						ProvisioningStyle = Manual;
					};
				};
			};
			buildConfigurationList = BE583CD51DC4D4770020A83B /* Build configuration list for PBXProject "Tally" */;
			compatibilityVersion = "Xcode 3.2";
			developmentRegion = English;
			hasScannedForEncodings = 0;
			knownRegions = (
				en,
				Base,
			);
			mainGroup = BE583CD11DC4D4770020A83B;
			productRefGroup = BE583CDB1DC4D4770020A83B /* Products */;
			projectDirPath = "";
			projectRoot = "";
			targets = (
				BE583CD91DC4D4770020A83B /* Tally */,
			);
		};
/* End PBXProject section */

/* Begin PBXResourcesBuildPhase section */
		BE583CD81DC4D4770020A83B /* Resources */ = {
			isa = PBXResourcesBuildPhase;
			buildActionMask = 2147483647;
			files = (
				BE583CE81DC4D4770020A83B /* LaunchScreen.storyboard in Resources */,
				BE583CE51DC4D4770020A83B /* Assets.xcassets in Resources */,
				BE583CE31DC4D4770020A83B /* Main.storyboard in Resources */,
				BE583CF61DC4D94E0020A83B /* data.json in Resources */,
			);
			runOnlyForDeploymentPostprocessing = 0;
		};
/* End PBXResourcesBuildPhase section */

/* Begin PBXSourcesBuildPhase section */
		BE583CD61DC4D4770020A83B /* Sources */ = {
			isa = PBXSourcesBuildPhase;
			buildActionMask = 2147483647;
			files = (
				BE583CF21DC4D55B0020A83B /* Tally.swift in Sources */,
				BE583CF41DC4D5910020A83B /* TallyController.swift in Sources */,
				BE583CF01DC4D50F0020A83B /* TallyCollectionViewCell.swift in Sources */,
				BE583CE01DC4D4770020A83B /* ViewController.swift in Sources */,
				BE583CDE1DC4D4770020A83B /* AppDelegate.swift in Sources */,
			);
			runOnlyForDeploymentPostprocessing = 0;
		};
/* End PBXSourcesBuildPhase section */

/* Begin PBXVariantGroup section */
		BE583CE11DC4D4770020A83B /* Main.storyboard */ = {
			isa = PBXVariantGroup;
			children = (
				BE583CE21DC4D4770020A83B /* Base */,
			);
			name = Main.storyboard;
			sourceTree = "<group>";
		};
		BE583CE61DC4D4770020A83B /* LaunchScreen.storyboard */ = {
			isa = PBXVariantGroup;
			children = (
				BE583CE71DC4D4770020A83B /* Base */,
			);
			name = LaunchScreen.storyboard;
			sourceTree = "<group>";
		};
/* End PBXVariantGroup section */

/* Begin XCBuildConfiguration section */
		BE583CEA1DC4D4770020A83B /* Debug */ = {
			isa = XCBuildConfiguration;
			buildSettings = {
				ALWAYS_SEARCH_USER_PATHS = NO;
				CLANG_ANALYZER_NONNULL = YES;
				CLANG_CXX_LANGUAGE_STANDARD = "gnu++0x";
				CLANG_CXX_LIBRARY = "libc++";
				CLANG_ENABLE_MODULES = YES;
				CLANG_ENABLE_OBJC_ARC = YES;
				CLANG_WARN_BOOL_CONVERSION = YES;
				CLANG_WARN_CONSTANT_CONVERSION = YES;
				CLANG_WARN_DIRECT_OBJC_ISA_USAGE = YES_ERROR;
				CLANG_WARN_DOCUMENTATION_COMMENTS = YES;
				CLANG_WARN_EMPTY_BODY = YES;
				CLANG_WARN_ENUM_CONVERSION = YES;
				CLANG_WARN_INFINITE_RECURSION = YES;
				CLANG_WARN_INT_CONVERSION = YES;
				CLANG_WARN_OBJC_ROOT_CLASS = YES_ERROR;
				CLANG_WARN_SUSPICIOUS_MOVES = YES;
				CLANG_WARN_UNREACHABLE_CODE = YES;
				CLANG_WARN__DUPLICATE_METHOD_MATCH = YES;
				"CODE_SIGN_IDENTITY[sdk=iphoneos*]" = "iPhone Developer";
				COPY_PHASE_STRIP = NO;
				DEBUG_INFORMATION_FORMAT = dwarf;
				ENABLE_STRICT_OBJC_MSGSEND = YES;
				ENABLE_TESTABILITY = YES;
				GCC_C_LANGUAGE_STANDARD = gnu99;
				GCC_DYNAMIC_NO_PIC = NO;
				GCC_NO_COMMON_BLOCKS = YES;
				GCC_OPTIMIZATION_LEVEL = 0;
				GCC_PREPROCESSOR_DEFINITIONS = (
					"DEBUG=1",
					"$(inherited)",
				);
				GCC_WARN_64_TO_32_BIT_CONVERSION = YES;
				GCC_WARN_ABOUT_RETURN_TYPE = YES_ERROR;
				GCC_WARN_UNDECLARED_SELECTOR = YES;
				GCC_WARN_UNINITIALIZED_AUTOS = YES_AGGRESSIVE;
				GCC_WARN_UNUSED_FUNCTION = YES;
				GCC_WARN_UNUSED_VARIABLE = YES;
				IPHONEOS_DEPLOYMENT_TARGET = 10.0;
				MTL_ENABLE_DEBUG_INFO = YES;
				ONLY_ACTIVE_ARCH = YES;
				SDKROOT = iphoneos;
				SWIFT_ACTIVE_COMPILATION_CONDITIONS = DEBUG;
				SWIFT_OPTIMIZATION_LEVEL = "-Onone";
				TARGETED_DEVICE_FAMILY = "1,2";
			};
			name = Debug;
		};
		BE583CEB1DC4D4770020A83B /* Release */ = {
			isa = XCBuildConfiguration;
			buildSettings = {
				ALWAYS_SEARCH_USER_PATHS = NO;
				CLANG_ANALYZER_NONNULL = YES;
				CLANG_CXX_LANGUAGE_STANDARD = "gnu++0x";
				CLANG_CXX_LIBRARY = "libc++";
				CLANG_ENABLE_MODULES = YES;
				CLANG_ENABLE_OBJC_ARC = YES;
				CLANG_WARN_BOOL_CONVERSION = YES;
				CLANG_WARN_CONSTANT_CONVERSION = YES;
				CLANG_WARN_DIRECT_OBJC_ISA_USAGE = YES_ERROR;
				CLANG_WARN_DOCUMENTATION_COMMENTS = YES;
				CLANG_WARN_EMPTY_BODY = YES;
				CLANG_WARN_ENUM_CONVERSION = YES;
				CLANG_WARN_INFINITE_RECURSION = YES;
				CLANG_WARN_INT_CONVERSION = YES;
				CLANG_WARN_OBJC_ROOT_CLASS = YES_ERROR;
				CLANG_WARN_SUSPICIOUS_MOVES = YES;
				CLANG_WARN_UNREACHABLE_CODE = YES;
				CLANG_WARN__DUPLICATE_METHOD_MATCH = YES;
				"CODE_SIGN_IDENTITY[sdk=iphoneos*]" = "iPhone Developer";
				COPY_PHASE_STRIP = NO;
				DEBUG_INFORMATION_FORMAT = "dwarf-with-dsym";
				ENABLE_NS_ASSERTIONS = NO;
				ENABLE_STRICT_OBJC_MSGSEND = YES;
				GCC_C_LANGUAGE_STANDARD = gnu99;
				GCC_NO_COMMON_BLOCKS = YES;
				GCC_WARN_64_TO_32_BIT_CONVERSION = YES;
				GCC_WARN_ABOUT_RETURN_TYPE = YES_ERROR;
				GCC_WARN_UNDECLARED_SELECTOR = YES;
				GCC_WARN_UNINITIALIZED_AUTOS = YES_AGGRESSIVE;
				GCC_WARN_UNUSED_FUNCTION = YES;
				GCC_WARN_UNUSED_VARIABLE = YES;
				IPHONEOS_DEPLOYMENT_TARGET = 10.0;
				MTL_ENABLE_DEBUG_INFO = NO;
				SDKROOT = iphoneos;
				SWIFT_OPTIMIZATION_LEVEL = "-Owholemodule";
				TARGETED_DEVICE_FAMILY = "1,2";
				VALIDATE_PRODUCT = YES;
			};
			name = Release;
		};
		BE583CED1DC4D4770020A83B /* Debug */ = {
			isa = XCBuildConfiguration;
			buildSettings = {
				ASSETCATALOG_COMPILER_APPICON_NAME = AppIcon;
				DEVELOPMENT_TEAM = U5FH5JR68H;
				INFOPLIST_FILE = Tally/Info.plist;
				IPHONEOS_DEPLOYMENT_TARGET = 9.0;
				LD_RUNPATH_SEARCH_PATHS = "$(inherited) @executable_path/Frameworks";
				PRODUCT_BUNDLE_IDENTIFIER = com.pagesuite.Tally;
				PRODUCT_NAME = "$(TARGET_NAME)";
				PROVISIONING_PROFILE = "d1c504c9-c8b9-420b-9996-18314e59ae37";
				PROVISIONING_PROFILE_SPECIFIER = WildcaredDev;
				SWIFT_VERSION = 3.0;
			};
			name = Debug;
		};
		BE583CEE1DC4D4770020A83B /* Release */ = {
			isa = XCBuildConfiguration;
			buildSettings = {
				ASSETCATALOG_COMPILER_APPICON_NAME = AppIcon;
				DEVELOPMENT_TEAM = U5FH5JR68H;
				INFOPLIST_FILE = Tally/Info.plist;
				IPHONEOS_DEPLOYMENT_TARGET = 9.0;
				LD_RUNPATH_SEARCH_PATHS = "$(inherited) @executable_path/Frameworks";
				PRODUCT_BUNDLE_IDENTIFIER = com.pagesuite.Tally;
				PRODUCT_NAME = "$(TARGET_NAME)";
				PROVISIONING_PROFILE = "d1c504c9-c8b9-420b-9996-18314e59ae37";
				PROVISIONING_PROFILE_SPECIFIER = WildcaredDev;
				SWIFT_VERSION = 3.0;
			};
			name = Release;
		};
/* End XCBuildConfiguration section */

/* Begin XCConfigurationList section */
		BE583CD51DC4D4770020A83B /* Build configuration list for PBXProject "Tally" */ = {
			isa = XCConfigurationList;
			buildConfigurations = (
				BE583CEA1DC4D4770020A83B /* Debug */,
				BE583CEB1DC4D4770020A83B /* Release */,
			);
			defaultConfigurationIsVisible = 0;
			defaultConfigurationName = Release;
		};
		BE583CEC1DC4D4770020A83B /* Build configuration list for PBXNativeTarget "Tally" */ = {
			isa = XCConfigurationList;
			buildConfigurations = (
				BE583CED1DC4D4770020A83B /* Debug */,
				BE583CEE1DC4D4770020A83B /* Release */,
			);
			defaultConfigurationIsVisible = 0;
		};
/* End XCConfigurationList section */
	};
	rootObject = BE583CD21DC4D4770020A83B /* Project object */;
}
